
Microsoft Visual Studio Solution File, Format Version 12.00
# Visual Studio Version 16
VisualStudioVersion = 16.0.30114.105
MinimumVisualStudioVersion = 10.0.40219.1
Project("{2150E333-8FDC-42A3-9474-1A3956D46DE8}") = "src", "src", "{D642B23E-367B-4688-96A7-B183D7B89048}"
EndProject
Project("{FAE04EC0-301F-11D3-BF4B-00C04F79EFBC}") = "MarkovChain", "src\MarkovChain\MarkovChain.csproj", "{41033FF0-8AAC-452A-9DF9-C71697D23C91}"
EndProject
Project("{2150E333-8FDC-42A3-9474-1A3956D46DE8}") = "tests", "tests", "{052D26A4-028B-4F69-A2E8-80F6ED268F79}"
EndProject
Project("{FAE04EC0-301F-11D3-BF4B-00C04F79EFBC}") = "MarkovChain.Tests", "tests\MarkovChain.Tests\MarkovChain.Tests.csproj", "{4A857D4F-59F8-487B-891F-C97CA141C32D}"
EndProject
Global
	GlobalSection(SolutionConfigurationPlatforms) = preSolution
		Debug|Any CPU = Debug|Any CPU
		Debug|x64 = Debug|x64
		Debug|x86 = Debug|x86
		Release|Any CPU = Release|Any CPU
		Release|x64 = Release|x64
		Release|x86 = Release|x86
	EndGlobalSection
	GlobalSection(SolutionProperties) = preSolution
		HideSolutionNode = FALSE
	EndGlobalSection
	GlobalSection(ProjectConfigurationPlatforms) = postSolution
		{41033FF0-8AAC-452A-9DF9-C71697D23C91}.Debug|Any CPU.ActiveCfg = Debug|Any CPU
		{41033FF0-8AAC-452A-9DF9-C71697D23C91}.Debug|Any CPU.Build.0 = Debug|Any CPU
		{41033FF0-8AAC-452A-9DF9-C71697D23C91}.Debug|x64.ActiveCfg = Debug|Any CPU
		{41033FF0-8AAC-452A-9DF9-C71697D23C91}.Debug|x64.Build.0 = Debug|Any CPU
		{41033FF0-8AAC-452A-9DF9-C71697D23C91}.Debug|x86.ActiveCfg = Debug|Any CPU
		{41033FF0-8AAC-452A-9DF9-C71697D23C91}.Debug|x86.Build.0 = Debug|Any CPU
		{41033FF0-8AAC-452A-9DF9-C71697D23C91}.Release|Any CPU.ActiveCfg = Release|Any CPU
		{41033FF0-8AAC-452A-9DF9-C71697D23C91}.Release|Any CPU.Build.0 = Release|Any CPU
		{41033FF0-8AAC-452A-9DF9-C71697D23C91}.Release|x64.ActiveCfg = Release|Any CPU
		{41033FF0-8AAC-452A-9DF9-C71697D23C91}.Release|x64.Build.0 = Release|Any CPU
		{41033FF0-8AAC-452A-9DF9-C71697D23C91}.Release|x86.ActiveCfg = Release|Any CPU
		{41033FF0-8AAC-452A-9DF9-C71697D23C91}.Release|x86.Build.0 = Release|Any CPU
		{4A857D4F-59F8-487B-891F-C97CA141C32D}.Debug|Any CPU.ActiveCfg = Debug|Any CPU
		{4A857D4F-59F8-487B-891F-C97CA141C32D}.Debug|Any CPU.Build.0 = Debug|Any CPU
		{4A857D4F-59F8-487B-891F-C97CA141C32D}.Debug|x64.ActiveCfg = Debug|Any CPU
		{4A857D4F-59F8-487B-891F-C97CA141C32D}.Debug|x64.Build.0 = Debug|Any CPU
		{4A857D4F-59F8-487B-891F-C97CA141C32D}.Debug|x86.ActiveCfg = Debug|Any CPU
		{4A857D4F-59F8-487B-891F-C97CA141C32D}.Debug|x86.Build.0 = Debug|Any CPU
		{4A857D4F-59F8-487B-891F-C97CA141C32D}.Release|Any CPU.ActiveCfg = Release|Any CPU
		{4A857D4F-59F8-487B-891F-C97CA141C32D}.Release|Any CPU.Build.0 = Release|Any CPU
		{4A857D4F-59F8-487B-891F-C97CA141C32D}.Release|x64.ActiveCfg = Release|Any CPU
		{4A857D4F-59F8-487B-891F-C97CA141C32D}.Release|x64.Build.0 = Release|Any CPU
		{4A857D4F-59F8-487B-891F-C97CA141C32D}.Release|x86.ActiveCfg = Release|Any CPU
		{4A857D4F-59F8-487B-891F-C97CA141C32D}.Release|x86.Build.0 = Release|Any CPU
	EndGlobalSection
	GlobalSection(NestedProjects) = preSolution
		{41033FF0-8AAC-452A-9DF9-C71697D23C91} = {D642B23E-367B-4688-96A7-B183D7B89048}
		{4A857D4F-59F8-487B-891F-C97CA141C32D} = {052D26A4-028B-4F69-A2E8-80F6ED268F79}
	EndGlobalSection
EndGlobal
